
Microsoft Visual Studio Solution File, Format Version 12.00
# Visual Studio Version 16
VisualStudioVersion = 16.0.31624.102
MinimumVisualStudioVersion = 10.0.40219.1
Project("{8BC9CEB8-8B4A-11D0-8D11-00A0C91BC942}") = "1", "1\1.vcxproj", "{FBB7E9EC-AA98-4729-A327-EC4A85F8EE23}"
EndProject
Project("{8BC9CEB8-8B4A-11D0-8D11-00A0C91BC942}") = "2", "2\2.vcxproj", "{4F3E1150-3A8F-4D5C-BA6A-37C3A3A476FB}"
EndProject
Project("{8BC9CEB8-8B4A-11D0-8D11-00A0C91BC942}") = "3", "3\3.vcxproj", "{2F1198F6-E6EA-4045-9D75-76E3B5B76D04}"
EndProject
Project("{8BC9CEB8-8B4A-11D0-8D11-00A0C91BC942}") = "4", "4\4.vcxproj", "{3C891FA5-BBFA-4E08-95AC-67E87EC1B8B0}"
EndProject
Global
	GlobalSection(SolutionConfigurationPlatforms) = preSolution
		Debug|x64 = Debug|x64
		Debug|x86 = Debug|x86
		Release|x64 = Release|x64
		Release|x86 = Release|x86
	EndGlobalSection
	GlobalSection(ProjectConfigurationPlatforms) = postSolution
		{FBB7E9EC-AA98-4729-A327-EC4A85F8EE23}.Debug|x64.ActiveCfg = Debug|x64
		{FBB7E9EC-AA98-4729-A327-EC4A85F8EE23}.Debug|x64.Build.0 = Debug|x64
		{FBB7E9EC-AA98-4729-A327-EC4A85F8EE23}.Debug|x86.ActiveCfg = Debug|Win32
		{FBB7E9EC-AA98-4729-A327-EC4A85F8EE23}.Debug|x86.Build.0 = Debug|Win32
		{FBB7E9EC-AA98-4729-A327-EC4A85F8EE23}.Release|x64.ActiveCfg = Release|x64
		{FBB7E9EC-AA98-4729-A327-EC4A85F8EE23}.Release|x64.Build.0 = Release|x64
		{FBB7E9EC-AA98-4729-A327-EC4A85F8EE23}.Release|x86.ActiveCfg = Release|Win32
		{FBB7E9EC-AA98-4729-A327-EC4A85F8EE23}.Release|x86.Build.0 = Release|Win32
		{4F3E1150-3A8F-4D5C-BA6A-37C3A3A476FB}.Debug|x64.ActiveCfg = Debug|x64
		{4F3E1150-3A8F-4D5C-BA6A-37C3A3A476FB}.Debug|x64.Build.0 = Debug|x64
		{4F3E1150-3A8F-4D5C-BA6A-37C3A3A476FB}.Debug|x86.ActiveCfg = Debug|Win32
		{4F3E1150-3A8F-4D5C-BA6A-37C3A3A476FB}.Debug|x86.Build.0 = Debug|Win32
		{4F3E1150-3A8F-4D5C-BA6A-37C3A3A476FB}.Release|x64.ActiveCfg = Release|x64
		{4F3E1150-3A8F-4D5C-BA6A-37C3A3A476FB}.Release|x64.Build.0 = Release|x64
		{4F3E1150-3A8F-4D5C-BA6A-37C3A3A476FB}.Release|x86.ActiveCfg = Release|Win32
		{4F3E1150-3A8F-4D5C-BA6A-37C3A3A476FB}.Release|x86.Build.0 = Release|Win32
		{2F1198F6-E6EA-4045-9D75-76E3B5B76D04}.Debug|x64.ActiveCfg = Debug|x64
		{2F1198F6-E6EA-4045-9D75-76E3B5B76D04}.Debug|x64.Build.0 = Debug|x64
		{2F1198F6-E6EA-4045-9D75-76E3B5B76D04}.Debug|x86.ActiveCfg = Debug|Win32
		{2F1198F6-E6EA-4045-9D75-76E3B5B76D04}.Debug|x86.Build.0 = Debug|Win32
		{2F1198F6-E6EA-4045-9D75-76E3B5B76D04}.Release|x64.ActiveCfg = Release|x64
		{2F1198F6-E6EA-4045-9D75-76E3B5B76D04}.Release|x64.Build.0 = Release|x64
		{2F1198F6-E6EA-4045-9D75-76E3B5B76D04}.Release|x86.ActiveCfg = Release|Win32
		{2F1198F6-E6EA-4045-9D75-76E3B5B76D04}.Release|x86.Build.0 = Release|Win32
		{3C891FA5-BBFA-4E08-95AC-67E87EC1B8B0}.Debug|x64.ActiveCfg = Debug|x64
		{3C891FA5-BBFA-4E08-95AC-67E87EC1B8B0}.Debug|x64.Build.0 = Debug|x64
		{3C891FA5-BBFA-4E08-95AC-67E87EC1B8B0}.Debug|x86.ActiveCfg = Debug|Win32
		{3C891FA5-BBFA-4E08-95AC-67E87EC1B8B0}.Debug|x86.Build.0 = Debug|Win32
		{3C891FA5-BBFA-4E08-95AC-67E87EC1B8B0}.Release|x64.ActiveCfg = Release|x64
		{3C891FA5-BBFA-4E08-95AC-67E87EC1B8B0}.Release|x64.Build.0 = Release|x64
		{3C891FA5-BBFA-4E08-95AC-67E87EC1B8B0}.Release|x86.ActiveCfg = Release|Win32
		{3C891FA5-BBFA-4E08-95AC-67E87EC1B8B0}.Release|x86.Build.0 = Release|Win32
	EndGlobalSection
	GlobalSection(SolutionProperties) = preSolution
		HideSolutionNode = FALSE
	EndGlobalSection
	GlobalSection(ExtensibilityGlobals) = postSolution
		SolutionGuid = {6D1E2A3F-5BB8-439F-BC3E-BB5C5EB2BA73}
	EndGlobalSection
EndGlobal
