
Microsoft Visual Studio Solution File, Format Version 12.00
# Visual Studio Version 17
VisualStudioVersion = 17.4.33122.133
MinimumVisualStudioVersion = 10.0.40219.1
Project("{888888A0-9F3D-457C-B088-3A5042F75D52}") = "KNN", "1\KNN.pyproj", "{2E8D1504-F143-4914-B13B-7853B98092F5}"
EndProject
Project("{888888A0-9F3D-457C-B088-3A5042F75D52}") = "SVM", "SVM\SVM.pyproj", "{F79E01BF-DD5F-4D52-9DD6-E429C46F738F}"
EndProject
Global
	GlobalSection(SolutionConfigurationPlatforms) = preSolution
		Debug|Any CPU = Debug|Any CPU
		Release|Any CPU = Release|Any CPU
	EndGlobalSection
	GlobalSection(ProjectConfigurationPlatforms) = postSolution
		{2E8D1504-F143-4914-B13B-7853B98092F5}.Debug|Any CPU.ActiveCfg = Debug|Any CPU
		{2E8D1504-F143-4914-B13B-7853B98092F5}.Release|Any CPU.ActiveCfg = Release|Any CPU
		{F79E01BF-DD5F-4D52-9DD6-E429C46F738F}.Debug|Any CPU.ActiveCfg = Debug|Any CPU
		{F79E01BF-DD5F-4D52-9DD6-E429C46F738F}.Release|Any CPU.ActiveCfg = Release|Any CPU
	EndGlobalSection
	GlobalSection(SolutionProperties) = preSolution
		HideSolutionNode = FALSE
	EndGlobalSection
	GlobalSection(ExtensibilityGlobals) = postSolution
		SolutionGuid = {B9826F65-AF2D-4143-AE75-9A25D8B87191}
	EndGlobalSection
EndGlobal
